
Microsoft Visual Studio Solution File, Format Version 12.00
# Visual Studio Version 17
VisualStudioVersion = 17.0.31903.59
MinimumVisualStudioVersion = 10.0.40219.1
Project("{FAE04EC0-301F-11D3-BF4B-00C04F79EFBC}") = "TMech.Sharp", "TMech.Sharp\TMech.Sharp.csproj", "{BDCDA68F-B8BD-4FB2-B2A7-0A6073BE4816}"
EndProject
Project("{FAE04EC0-301F-11D3-BF4B-00C04F79EFBC}") = "Tests", "Tests\Tests.csproj", "{CFD620DA-39A1-4C6E-ABBA-F413866FB9DA}"
EndProject
Project("{FAE04EC0-301F-11D3-BF4B-00C04F79EFBC}") = "RequestForge", "RequestForge\RequestForge.csproj", "{20C8A469-7989-4E51-824D-8D3A9716F45F}"
EndProject
Global
	GlobalSection(SolutionConfigurationPlatforms) = preSolution
		Debug|Any CPU = Debug|Any CPU
		Release|Any CPU = Release|Any CPU
	EndGlobalSection
	GlobalSection(ProjectConfigurationPlatforms) = postSolution
		{BDCDA68F-B8BD-4FB2-B2A7-0A6073BE4816}.Debug|Any CPU.ActiveCfg = Debug|Any CPU
		{BDCDA68F-B8BD-4FB2-B2A7-0A6073BE4816}.Debug|Any CPU.Build.0 = Debug|Any CPU
		{BDCDA68F-B8BD-4FB2-B2A7-0A6073BE4816}.Release|Any CPU.ActiveCfg = Release|Any CPU
		{BDCDA68F-B8BD-4FB2-B2A7-0A6073BE4816}.Release|Any CPU.Build.0 = Release|Any CPU
		{CFD620DA-39A1-4C6E-ABBA-F413866FB9DA}.Debug|Any CPU.ActiveCfg = Debug|Any CPU
		{CFD620DA-39A1-4C6E-ABBA-F413866FB9DA}.Debug|Any CPU.Build.0 = Debug|Any CPU
		{CFD620DA-39A1-4C6E-ABBA-F413866FB9DA}.Release|Any CPU.ActiveCfg = Release|Any CPU
		{CFD620DA-39A1-4C6E-ABBA-F413866FB9DA}.Release|Any CPU.Build.0 = Release|Any CPU
		{20C8A469-7989-4E51-824D-8D3A9716F45F}.Debug|Any CPU.ActiveCfg = Debug|x64
		{20C8A469-7989-4E51-824D-8D3A9716F45F}.Debug|Any CPU.Build.0 = Debug|x64
		{20C8A469-7989-4E51-824D-8D3A9716F45F}.Release|Any CPU.ActiveCfg = Release|Any CPU
		{20C8A469-7989-4E51-824D-8D3A9716F45F}.Release|Any CPU.Build.0 = Release|Any CPU
	EndGlobalSection
	GlobalSection(SolutionProperties) = preSolution
		HideSolutionNode = FALSE
	EndGlobalSection
	GlobalSection(ExtensibilityGlobals) = postSolution
		SolutionGuid = {5272D856-6954-4E6D-880B-548635808667}
	EndGlobalSection
EndGlobal
